// !$*UTF8*$!
{
	archiveVersion = 1;
	classes = {
	};
	objectVersion = 56;
	objects = {

/* Begin PBXBuildFile section */
		2007190C29BABD1C0076924F /* OldCode.swift in Sources */ = {isa = PBXBuildFile; fileRef = 2007190B29BABD1C0076924F /* OldCode.swift */; };
		202D652D29CB85AE005C785A /* SystemState.swift in Sources */ = {isa = PBXBuildFile; fileRef = 202D652C29CB85AE005C785A /* SystemState.swift */; };
		20746CE529A27298008FC841 /* AppDelegate.swift in Sources */ = {isa = PBXBuildFile; fileRef = 20746CE429A27298008FC841 /* AppDelegate.swift */; };
		20746CE729A27298008FC841 /* ViewController.swift in Sources */ = {isa = PBXBuildFile; fileRef = 20746CE629A27298008FC841 /* ViewController.swift */; };
		20746CEC29A27298008FC841 /* Main.storyboard in Resources */ = {isa = PBXBuildFile; fileRef = 20746CEA29A27298008FC841 /* Main.storyboard */; };
		20746CEE29A27299008FC841 /* Assets.xcassets in Resources */ = {isa = PBXBuildFile; fileRef = 20746CED29A27299008FC841 /* Assets.xcassets */; };
		20746CF129A27299008FC841 /* LaunchScreen.storyboard in Resources */ = {isa = PBXBuildFile; fileRef = 20746CEF29A27299008FC841 /* LaunchScreen.storyboard */; };
		20746CF829A28D12008FC841 /* Experience.rcproject in Sources */ = {isa = PBXBuildFile; fileRef = 20746CF729A28D12008FC841 /* Experience.rcproject */; };
		20746CFB29A58059008FC841 /* RoverFramework in Frameworks */ = {isa = PBXBuildFile; productRef = 20746CFA29A58059008FC841 /* RoverFramework */; };
		20746CFD29A580C2008FC841 /* WorldScan.swift in Sources */ = {isa = PBXBuildFile; fileRef = 20746CFC29A580C2008FC841 /* WorldScan.swift */; };
		20746D1F29A6571F008FC841 /* Channels.swift in Sources */ = {isa = PBXBuildFile; fileRef = 20746D1E29A6571F008FC841 /* Channels.swift */; };
		20773B1729C2A23A005CD27D /* VideoStreamView.swift in Sources */ = {isa = PBXBuildFile; fileRef = 20773B1629C2A23A005CD27D /* VideoStreamView.swift */; };
		208A4C3329B63266000FE5C5 /* MultipeerSession.swift in Sources */ = {isa = PBXBuildFile; fileRef = 208A4C3229B63266000FE5C5 /* MultipeerSession.swift */; };
		20A41DC929C7D3AF0042193F /* CoreGraphics.framework in Frameworks */ = {isa = PBXBuildFile; fileRef = 20A41DC829C7D3AF0042193F /* CoreGraphics.framework */; };
		20B574CD29BFDB5D009BC0AA /* DeviceStatusView.swift in Sources */ = {isa = PBXBuildFile; fileRef = 20B574CC29BFDB5D009BC0AA /* DeviceStatusView.swift */; };
/* End PBXBuildFile section */

/* Begin PBXFileReference section */
		2007190B29BABD1C0076924F /* OldCode.swift */ = {isa = PBXFileReference; lastKnownFileType = sourcecode.swift; path = OldCode.swift; sourceTree = "<group>"; };
		202D652C29CB85AE005C785A /* SystemState.swift */ = {isa = PBXFileReference; lastKnownFileType = sourcecode.swift; path = SystemState.swift; sourceTree = "<group>"; };
		20746CE129A27298008FC841 /* RoverArena.app */ = {isa = PBXFileReference; explicitFileType = wrapper.application; includeInIndex = 0; path = RoverArena.app; sourceTree = BUILT_PRODUCTS_DIR; };
		20746CE429A27298008FC841 /* AppDelegate.swift */ = {isa = PBXFileReference; lastKnownFileType = sourcecode.swift; path = AppDelegate.swift; sourceTree = "<group>"; };
		20746CE629A27298008FC841 /* ViewController.swift */ = {isa = PBXFileReference; lastKnownFileType = sourcecode.swift; path = ViewController.swift; sourceTree = "<group>"; };
		20746CEB29A27298008FC841 /* Base */ = {isa = PBXFileReference; lastKnownFileType = file.storyboard; name = Base; path = Base.lproj/Main.storyboard; sourceTree = "<group>"; };
		20746CED29A27299008FC841 /* Assets.xcassets */ = {isa = PBXFileReference; lastKnownFileType = folder.assetcatalog; path = Assets.xcassets; sourceTree = "<group>"; };
		20746CF029A27299008FC841 /* Base */ = {isa = PBXFileReference; lastKnownFileType = file.storyboard; name = Base; path = Base.lproj/LaunchScreen.storyboard; sourceTree = "<group>"; };
		20746CF729A28D12008FC841 /* Experience.rcproject */ = {isa = PBXFileReference; lastKnownFileType = file.rcproject; name = Experience.rcproject; path = ../../Experience.rcproject; sourceTree = "<group>"; };
		20746CFC29A580C2008FC841 /* WorldScan.swift */ = {isa = PBXFileReference; fileEncoding = 4; lastKnownFileType = sourcecode.swift; path = WorldScan.swift; sourceTree = "<group>"; };
		20746D1D29A588E1008FC841 /* Info.plist */ = {isa = PBXFileReference; lastKnownFileType = text.plist; path = Info.plist; sourceTree = "<group>"; };
		20746D1E29A6571F008FC841 /* Channels.swift */ = {isa = PBXFileReference; lastKnownFileType = sourcecode.swift; path = Channels.swift; sourceTree = "<group>"; };
		20773B1629C2A23A005CD27D /* VideoStreamView.swift */ = {isa = PBXFileReference; lastKnownFileType = sourcecode.swift; path = VideoStreamView.swift; sourceTree = "<group>"; };
		208A4C3229B63266000FE5C5 /* MultipeerSession.swift */ = {isa = PBXFileReference; fileEncoding = 4; lastKnownFileType = sourcecode.swift; path = MultipeerSession.swift; sourceTree = "<group>"; };
		20A41DC829C7D3AF0042193F /* CoreGraphics.framework */ = {isa = PBXFileReference; lastKnownFileType = wrapper.framework; name = CoreGraphics.framework; path = System/Library/Frameworks/CoreGraphics.framework; sourceTree = SDKROOT; };
		20B574CC29BFDB5D009BC0AA /* DeviceStatusView.swift */ = {isa = PBXFileReference; lastKnownFileType = sourcecode.swift; path = DeviceStatusView.swift; sourceTree = "<group>"; };
/* End PBXFileReference section */

/* Begin PBXFrameworksBuildPhase section */
		20746CDE29A27298008FC841 /* Frameworks */ = {
			isa = PBXFrameworksBuildPhase;
			buildActionMask = 2147483647;
			files = (
				20A41DC929C7D3AF0042193F /* CoreGraphics.framework in Frameworks */,
				20746CFB29A58059008FC841 /* RoverFramework in Frameworks */,
			);
			runOnlyForDeploymentPostprocessing = 0;
		};
/* End PBXFrameworksBuildPhase section */

/* Begin PBXGroup section */
		20746CD829A27298008FC841 = {
			isa = PBXGroup;
			children = (
				20746CE329A27298008FC841 /* RoverArena */,
				20746CE229A27298008FC841 /* Products */,
				20746CF929A58059008FC841 /* Frameworks */,
			);
			sourceTree = "<group>";
		};
		20746CE229A27298008FC841 /* Products */ = {
			isa = PBXGroup;
			children = (
				20746CE129A27298008FC841 /* RoverArena.app */,
			);
			name = Products;
			sourceTree = "<group>";
		};
		20746CE329A27298008FC841 /* RoverArena */ = {
			isa = PBXGroup;
			children = (
				20773B1529C2A21C005CD27D /* Views */,
				20746D1D29A588E1008FC841 /* Info.plist */,
				20746CE429A27298008FC841 /* AppDelegate.swift */,
				20746CFC29A580C2008FC841 /* WorldScan.swift */,
				20746D1E29A6571F008FC841 /* Channels.swift */,
				202D652C29CB85AE005C785A /* SystemState.swift */,
				20746CE629A27298008FC841 /* ViewController.swift */,
				2007190B29BABD1C0076924F /* OldCode.swift */,
				208A4C3229B63266000FE5C5 /* MultipeerSession.swift */,
				20746CEA29A27298008FC841 /* Main.storyboard */,
				20746CF729A28D12008FC841 /* Experience.rcproject */,
				20746CED29A27299008FC841 /* Assets.xcassets */,
				20746CEF29A27299008FC841 /* LaunchScreen.storyboard */,
			);
			path = RoverArena;
			sourceTree = "<group>";
		};
		20746CF929A58059008FC841 /* Frameworks */ = {
			isa = PBXGroup;
			children = (
				20A41DC829C7D3AF0042193F /* CoreGraphics.framework */,
			);
			name = Frameworks;
			sourceTree = "<group>";
		};
		20773B1529C2A21C005CD27D /* Views */ = {
			isa = PBXGroup;
			children = (
				20B574CC29BFDB5D009BC0AA /* DeviceStatusView.swift */,
				20773B1629C2A23A005CD27D /* VideoStreamView.swift */,
			);
			path = Views;
			sourceTree = "<group>";
		};
/* End PBXGroup section */

/* Begin PBXNativeTarget section */
		20746CE029A27298008FC841 /* RoverArena */ = {
			isa = PBXNativeTarget;
			buildConfigurationList = 20746CF429A27299008FC841 /* Build configuration list for PBXNativeTarget "RoverArena" */;
			buildPhases = (
				20746CDD29A27298008FC841 /* Sources */,
				20746CDE29A27298008FC841 /* Frameworks */,
				20746CDF29A27298008FC841 /* Resources */,
			);
			buildRules = (
			);
			dependencies = (
			);
			name = RoverArena;
			packageProductDependencies = (
				20746CFA29A58059008FC841 /* RoverFramework */,
			);
			productName = RoverArena;
			productReference = 20746CE129A27298008FC841 /* RoverArena.app */;
			productType = "com.apple.product-type.application";
		};
/* End PBXNativeTarget section */

/* Begin PBXProject section */
		20746CD929A27298008FC841 /* Project object */ = {
			isa = PBXProject;
			attributes = {
				BuildIndependentTargetsInParallel = 1;
				LastSwiftUpdateCheck = 1410;
				LastUpgradeCheck = 1410;
				TargetAttributes = {
					20746CE029A27298008FC841 = {
						CreatedOnToolsVersion = 14.1;
					};
				};
			};
			buildConfigurationList = 20746CDC29A27298008FC841 /* Build configuration list for PBXProject "RoverArena" */;
			compatibilityVersion = "Xcode 14.0";
			developmentRegion = en;
			hasScannedForEncodings = 0;
			knownRegions = (
				en,
				Base,
			);
			mainGroup = 20746CD829A27298008FC841;
			productRefGroup = 20746CE229A27298008FC841 /* Products */;
			projectDirPath = "";
			projectRoot = "";
			targets = (
				20746CE029A27298008FC841 /* RoverArena */,
			);
		};
/* End PBXProject section */

/* Begin PBXResourcesBuildPhase section */
		20746CDF29A27298008FC841 /* Resources */ = {
			isa = PBXResourcesBuildPhase;
			buildActionMask = 2147483647;
			files = (
				20746CF129A27299008FC841 /* LaunchScreen.storyboard in Resources */,
				20746CEE29A27299008FC841 /* Assets.xcassets in Resources */,
				20746CEC29A27298008FC841 /* Main.storyboard in Resources */,
			);
			runOnlyForDeploymentPostprocessing = 0;
		};
/* End PBXResourcesBuildPhase section */

/* Begin PBXSourcesBuildPhase section */
		20746CDD29A27298008FC841 /* Sources */ = {
			isa = PBXSourcesBuildPhase;
			buildActionMask = 2147483647;
			files = (
				20B574CD29BFDB5D009BC0AA /* DeviceStatusView.swift in Sources */,
				2007190C29BABD1C0076924F /* OldCode.swift in Sources */,
				208A4C3329B63266000FE5C5 /* MultipeerSession.swift in Sources */,
				20746CE729A27298008FC841 /* ViewController.swift in Sources */,
				20746CFD29A580C2008FC841 /* WorldScan.swift in Sources */,
				20746CE529A27298008FC841 /* AppDelegate.swift in Sources */,
				20746D1F29A6571F008FC841 /* Channels.swift in Sources */,
				20746CF829A28D12008FC841 /* Experience.rcproject in Sources */,
				202D652D29CB85AE005C785A /* SystemState.swift in Sources */,
				20773B1729C2A23A005CD27D /* VideoStreamView.swift in Sources */,
			);
			runOnlyForDeploymentPostprocessing = 0;
		};
/* End PBXSourcesBuildPhase section */

/* Begin PBXVariantGroup section */
		20746CEA29A27298008FC841 /* Main.storyboard */ = {
			isa = PBXVariantGroup;
			children = (
				20746CEB29A27298008FC841 /* Base */,
			);
			name = Main.storyboard;
			sourceTree = "<group>";
		};
		20746CEF29A27299008FC841 /* LaunchScreen.storyboard */ = {
			isa = PBXVariantGroup;
			children = (
				20746CF029A27299008FC841 /* Base */,
			);
			name = LaunchScreen.storyboard;
			sourceTree = "<group>";
		};
/* End PBXVariantGroup section */

/* Begin XCBuildConfiguration section */
		20746CF229A27299008FC841 /* Debug */ = {
			isa = XCBuildConfiguration;
			buildSettings = {
				ALWAYS_SEARCH_USER_PATHS = NO;
				CLANG_ANALYZER_NONNULL = YES;
				CLANG_ANALYZER_NUMBER_OBJECT_CONVERSION = YES_AGGRESSIVE;
				CLANG_CXX_LANGUAGE_STANDARD = "gnu++20";
				CLANG_ENABLE_MODULES = YES;
				CLANG_ENABLE_OBJC_ARC = YES;
				CLANG_ENABLE_OBJC_WEAK = YES;
				CLANG_WARN_BLOCK_CAPTURE_AUTORELEASING = YES;
				CLANG_WARN_BOOL_CONVERSION = YES;
				CLANG_WARN_COMMA = YES;
				CLANG_WARN_CONSTANT_CONVERSION = YES;
				CLANG_WARN_DEPRECATED_OBJC_IMPLEMENTATIONS = YES;
				CLANG_WARN_DIRECT_OBJC_ISA_USAGE = YES_ERROR;
				CLANG_WARN_DOCUMENTATION_COMMENTS = YES;
				CLANG_WARN_EMPTY_BODY = YES;
				CLANG_WARN_ENUM_CONVERSION = YES;
				CLANG_WARN_INFINITE_RECURSION = YES;
				CLANG_WARN_INT_CONVERSION = YES;
				CLANG_WARN_NON_LITERAL_NULL_CONVERSION = YES;
				CLANG_WARN_OBJC_IMPLICIT_RETAIN_SELF = YES;
				CLANG_WARN_OBJC_LITERAL_CONVERSION = YES;
				CLANG_WARN_OBJC_ROOT_CLASS = YES_ERROR;
				CLANG_WARN_QUOTED_INCLUDE_IN_FRAMEWORK_HEADER = YES;
				CLANG_WARN_RANGE_LOOP_ANALYSIS = YES;
				CLANG_WARN_STRICT_PROTOTYPES = YES;
				CLANG_WARN_SUSPICIOUS_MOVE = YES;
				CLANG_WARN_UNGUARDED_AVAILABILITY = YES_AGGRESSIVE;
				CLANG_WARN_UNREACHABLE_CODE = YES;
				CLANG_WARN__DUPLICATE_METHOD_MATCH = YES;
				COPY_PHASE_STRIP = NO;
				DEBUG_INFORMATION_FORMAT = dwarf;
				ENABLE_STRICT_OBJC_MSGSEND = YES;
				ENABLE_TESTABILITY = YES;
				GCC_C_LANGUAGE_STANDARD = gnu11;
				GCC_DYNAMIC_NO_PIC = NO;
				GCC_NO_COMMON_BLOCKS = YES;
				GCC_OPTIMIZATION_LEVEL = 0;
				GCC_PREPROCESSOR_DEFINITIONS = (
					"DEBUG=1",
					"$(inherited)",
				);
				GCC_WARN_64_TO_32_BIT_CONVERSION = YES;
				GCC_WARN_ABOUT_RETURN_TYPE = YES_ERROR;
				GCC_WARN_UNDECLARED_SELECTOR = YES;
				GCC_WARN_UNINITIALIZED_AUTOS = YES_AGGRESSIVE;
				GCC_WARN_UNUSED_FUNCTION = YES;
				GCC_WARN_UNUSED_VARIABLE = YES;
				IPHONEOS_DEPLOYMENT_TARGET = 16.0;
				MTL_ENABLE_DEBUG_INFO = INCLUDE_SOURCE;
				MTL_FAST_MATH = YES;
				ONLY_ACTIVE_ARCH = YES;
				SDKROOT = iphoneos;
				SWIFT_ACTIVE_COMPILATION_CONDITIONS = DEBUG;
				SWIFT_OPTIMIZATION_LEVEL = "-Onone";
			};
			name = Debug;
		};
		20746CF329A27299008FC841 /* Release */ = {
			isa = XCBuildConfiguration;
			buildSettings = {
				ALWAYS_SEARCH_USER_PATHS = NO;
				CLANG_ANALYZER_NONNULL = YES;
				CLANG_ANALYZER_NUMBER_OBJECT_CONVERSION = YES_AGGRESSIVE;
				CLANG_CXX_LANGUAGE_STANDARD = "gnu++20";
				CLANG_ENABLE_MODULES = YES;
				CLANG_ENABLE_OBJC_ARC = YES;
				CLANG_ENABLE_OBJC_WEAK = YES;
				CLANG_WARN_BLOCK_CAPTURE_AUTORELEASING = YES;
				CLANG_WARN_BOOL_CONVERSION = YES;
				CLANG_WARN_COMMA = YES;
				CLANG_WARN_CONSTANT_CONVERSION = YES;
				CLANG_WARN_DEPRECATED_OBJC_IMPLEMENTATIONS = YES;
				CLANG_WARN_DIRECT_OBJC_ISA_USAGE = YES_ERROR;
				CLANG_WARN_DOCUMENTATION_COMMENTS = YES;
				CLANG_WARN_EMPTY_BODY = YES;
				CLANG_WARN_ENUM_CONVERSION = YES;
				CLANG_WARN_INFINITE_RECURSION = YES;
				CLANG_WARN_INT_CONVERSION = YES;
				CLANG_WARN_NON_LITERAL_NULL_CONVERSION = YES;
				CLANG_WARN_OBJC_IMPLICIT_RETAIN_SELF = YES;
				CLANG_WARN_OBJC_LITERAL_CONVERSION = YES;
				CLANG_WARN_OBJC_ROOT_CLASS = YES_ERROR;
				CLANG_WARN_QUOTED_INCLUDE_IN_FRAMEWORK_HEADER = YES;
				CLANG_WARN_RANGE_LOOP_ANALYSIS = YES;
				CLANG_WARN_STRICT_PROTOTYPES = YES;
				CLANG_WARN_SUSPICIOUS_MOVE = YES;
				CLANG_WARN_UNGUARDED_AVAILABILITY = YES_AGGRESSIVE;
				CLANG_WARN_UNREACHABLE_CODE = YES;
				CLANG_WARN__DUPLICATE_METHOD_MATCH = YES;
				COPY_PHASE_STRIP = NO;
				DEBUG_INFORMATION_FORMAT = "dwarf-with-dsym";
				ENABLE_NS_ASSERTIONS = NO;
				ENABLE_STRICT_OBJC_MSGSEND = YES;
				GCC_C_LANGUAGE_STANDARD = gnu11;
				GCC_NO_COMMON_BLOCKS = YES;
				GCC_WARN_64_TO_32_BIT_CONVERSION = YES;
				GCC_WARN_ABOUT_RETURN_TYPE = YES_ERROR;
				GCC_WARN_UNDECLARED_SELECTOR = YES;
				GCC_WARN_UNINITIALIZED_AUTOS = YES_AGGRESSIVE;
				GCC_WARN_UNUSED_FUNCTION = YES;
				GCC_WARN_UNUSED_VARIABLE = YES;
				IPHONEOS_DEPLOYMENT_TARGET = 16.0;
				MTL_ENABLE_DEBUG_INFO = NO;
				MTL_FAST_MATH = YES;
				SDKROOT = iphoneos;
				SWIFT_COMPILATION_MODE = wholemodule;
				SWIFT_OPTIMIZATION_LEVEL = "-O";
				VALIDATE_PRODUCT = YES;
			};
			name = Release;
		};
		20746CF529A27299008FC841 /* Debug */ = {
			isa = XCBuildConfiguration;
			buildSettings = {
				ASSETCATALOG_COMPILER_APPICON_NAME = AppIcon;
				ASSETCATALOG_COMPILER_GLOBAL_ACCENT_COLOR_NAME = AccentColor;
				CODE_SIGN_STYLE = Automatic;
				CURRENT_PROJECT_VERSION = 1;
				DEVELOPMENT_TEAM = CN7G7TCUME;
				GENERATE_INFOPLIST_FILE = YES;
				INFOPLIST_FILE = RoverArena/Info.plist;
				INFOPLIST_KEY_NSCameraUsageDescription = "";
				INFOPLIST_KEY_NSLocationUsageDescription = Rover;
				INFOPLIST_KEY_UIApplicationSupportsIndirectInputEvents = YES;
				INFOPLIST_KEY_UILaunchStoryboardName = LaunchScreen;
				INFOPLIST_KEY_UIMainStoryboardFile = Main;
				INFOPLIST_KEY_UIRequiredDeviceCapabilities = arkit;
				INFOPLIST_KEY_UIStatusBarHidden = YES;
				INFOPLIST_KEY_UISupportedInterfaceOrientations = "UIInterfaceOrientationLandscapeLeft UIInterfaceOrientationLandscapeRight";
				INFOPLIST_KEY_UISupportedInterfaceOrientations_iPad = "UIInterfaceOrientationLandscapeLeft UIInterfaceOrientationLandscapeRight UIInterfaceOrientationPortraitUpsideDown";
				IPHONEOS_DEPLOYMENT_TARGET = 16.0;
				LD_RUNPATH_SEARCH_PATHS = (
					"$(inherited)",
					"@executable_path/Frameworks",
				);
				MARKETING_VERSION = 1.0;
				PRODUCT_BUNDLE_IDENTIFIER = com.simplyformed.RoverArena;
				PRODUCT_NAME = "$(TARGET_NAME)";
				SWIFT_EMIT_LOC_STRINGS = YES;
				SWIFT_VERSION = 5.0;
				TARGETED_DEVICE_FAMILY = "1,2";
			};
			name = Debug;
		};
		20746CF629A27299008FC841 /* Release */ = {
			isa = XCBuildConfiguration;
			buildSettings = {
				ASSETCATALOG_COMPILER_APPICON_NAME = AppIcon;
				ASSETCATALOG_COMPILER_GLOBAL_ACCENT_COLOR_NAME = AccentColor;
				CODE_SIGN_STYLE = Automatic;
				CURRENT_PROJECT_VERSION = 1;
				DEVELOPMENT_TEAM = CN7G7TCUME;
				GENERATE_INFOPLIST_FILE = YES;
				INFOPLIST_FILE = RoverArena/Info.plist;
				INFOPLIST_KEY_NSCameraUsageDescription = "";
				INFOPLIST_KEY_NSLocationUsageDescription = Rover;
				INFOPLIST_KEY_UIApplicationSupportsIndirectInputEvents = YES;
				INFOPLIST_KEY_UILaunchStoryboardName = LaunchScreen;
				INFOPLIST_KEY_UIMainStoryboardFile = Main;
				INFOPLIST_KEY_UIRequiredDeviceCapabilities = arkit;
				INFOPLIST_KEY_UIStatusBarHidden = YES;
				INFOPLIST_KEY_UISupportedInterfaceOrientations = "UIInterfaceOrientationLandscapeLeft UIInterfaceOrientationLandscapeRight";
				INFOPLIST_KEY_UISupportedInterfaceOrientations_iPad = "UIInterfaceOrientationLandscapeLeft UIInterfaceOrientationLandscapeRight UIInterfaceOrientationPortraitUpsideDown";
				IPHONEOS_DEPLOYMENT_TARGET = 16.0;
				LD_RUNPATH_SEARCH_PATHS = (
					"$(inherited)",
					"@executable_path/Frameworks",
				);
				MARKETING_VERSION = 1.0;
				PRODUCT_BUNDLE_IDENTIFIER = com.simplyformed.RoverArena;
				PRODUCT_NAME = "$(TARGET_NAME)";
				SWIFT_EMIT_LOC_STRINGS = YES;
				SWIFT_VERSION = 5.0;
				TARGETED_DEVICE_FAMILY = "1,2";
			};
			name = Release;
		};
/* End XCBuildConfiguration section */

/* Begin XCConfigurationList section */
		20746CDC29A27298008FC841 /* Build configuration list for PBXProject "RoverArena" */ = {
			isa = XCConfigurationList;
			buildConfigurations = (
				20746CF229A27299008FC841 /* Debug */,
				20746CF329A27299008FC841 /* Release */,
			);
			defaultConfigurationIsVisible = 0;
			defaultConfigurationName = Release;
		};
		20746CF429A27299008FC841 /* Build configuration list for PBXNativeTarget "RoverArena" */ = {
			isa = XCConfigurationList;
			buildConfigurations = (
				20746CF529A27299008FC841 /* Debug */,
				20746CF629A27299008FC841 /* Release */,
			);
			defaultConfigurationIsVisible = 0;
			defaultConfigurationName = Release;
		};
/* End XCConfigurationList section */

/* Begin XCSwiftPackageProductDependency section */
		20746CFA29A58059008FC841 /* RoverFramework */ = {
			isa = XCSwiftPackageProductDependency;
			productName = RoverFramework;
		};
/* End XCSwiftPackageProductDependency section */
	};
	rootObject = 20746CD929A27298008FC841 /* Project object */;
}
